// !$*UTF8*$!
{
	archiveVersion = 1;
	classes = {
	};
	objectVersion = 48;
	objects = {

/* Begin PBXBuildFile section */
		D001ADB0200CF1C1006E8C36 /* AppDelegate.swift in Sources */ = {isa = PBXBuildFile; fileRef = D001ADAF200CF1C1006E8C36 /* AppDelegate.swift */; };
		D001ADB2200CF1C1006E8C36 /* ViewController.swift in Sources */ = {isa = PBXBuildFile; fileRef = D001ADB1200CF1C1006E8C36 /* ViewController.swift */; };
		D001ADB5200CF1C1006E8C36 /* Main.storyboard in Resources */ = {isa = PBXBuildFile; fileRef = D001ADB3200CF1C1006E8C36 /* Main.storyboard */; };
		D001ADB7200CF1C1006E8C36 /* Assets.xcassets in Resources */ = {isa = PBXBuildFile; fileRef = D001ADB6200CF1C1006E8C36 /* Assets.xcassets */; };
		D001ADBA200CF1C1006E8C36 /* LaunchScreen.storyboard in Resources */ = {isa = PBXBuildFile; fileRef = D001ADB8200CF1C1006E8C36 /* LaunchScreen.storyboard */; };
		D001ADC5200CF1C1006E8C36 /* BoarTests.swift in Sources */ = {isa = PBXBuildFile; fileRef = D001ADC4200CF1C1006E8C36 /* BoarTests.swift */; };
		D001ADDA200D2D92006E8C36 /* ReactiveKit.framework in Frameworks */ = {isa = PBXBuildFile; fileRef = D001ADD0200D2D92006E8C36 /* ReactiveKit.framework */; };
		D001ADDB200D2D92006E8C36 /* Result.framework in Frameworks */ = {isa = PBXBuildFile; fileRef = D001ADD1200D2D92006E8C36 /* Result.framework */; };
		D001ADDC200D2D92006E8C36 /* ObjectMapper.framework in Frameworks */ = {isa = PBXBuildFile; fileRef = D001ADD2200D2D92006E8C36 /* ObjectMapper.framework */; };
		D001ADDD200D2D92006E8C36 /* Differ.framework in Frameworks */ = {isa = PBXBuildFile; fileRef = D001ADD3200D2D92006E8C36 /* Differ.framework */; };
		D001ADDE200D2D92006E8C36 /* Bond.framework in Frameworks */ = {isa = PBXBuildFile; fileRef = D001ADD4200D2D92006E8C36 /* Bond.framework */; };
		D001ADDF200D2D92006E8C36 /* AlamofireImage.framework in Frameworks */ = {isa = PBXBuildFile; fileRef = D001ADD5200D2D92006E8C36 /* AlamofireImage.framework */; };
		D001ADE0200D2D92006E8C36 /* BrightFutures.framework in Frameworks */ = {isa = PBXBuildFile; fileRef = D001ADD6200D2D92006E8C36 /* BrightFutures.framework */; };
		D001ADE1200D2D92006E8C36 /* Alamofire.framework in Frameworks */ = {isa = PBXBuildFile; fileRef = D001ADD7200D2D92006E8C36 /* Alamofire.framework */; };
		D001ADE2200D2D92006E8C36 /* AlamofireObjectMapper.framework in Frameworks */ = {isa = PBXBuildFile; fileRef = D001ADD8200D2D92006E8C36 /* AlamofireObjectMapper.framework */; };
		D001ADE3200D2D92006E8C36 /* AlamofireNetworkActivityIndicator.framework in Frameworks */ = {isa = PBXBuildFile; fileRef = D001ADD9200D2D92006E8C36 /* AlamofireNetworkActivityIndicator.framework */; };
		D001ADF4200D31E4006E8C36 /* Boar_ReactiveNetworking.framework in Frameworks */ = {isa = PBXBuildFile; fileRef = D001ADEB200D31E4006E8C36 /* Boar_ReactiveNetworking.framework */; };
		D001ADFB200D31E4006E8C36 /* Boar_ReactiveNetworkingTests.swift in Sources */ = {isa = PBXBuildFile; fileRef = D001ADFA200D31E4006E8C36 /* Boar_ReactiveNetworkingTests.swift */; };
		D001ADFD200D31E4006E8C36 /* Boar_ReactiveNetworking.h in Headers */ = {isa = PBXBuildFile; fileRef = D001ADED200D31E4006E8C36 /* Boar_ReactiveNetworking.h */; settings = {ATTRIBUTES = (Public, ); }; };
		D001AE00200D31E4006E8C36 /* Boar_ReactiveNetworking.framework in Frameworks */ = {isa = PBXBuildFile; fileRef = D001ADEB200D31E4006E8C36 /* Boar_ReactiveNetworking.framework */; };
		D001AE02200D31E4006E8C36 /* Boar_ReactiveNetworking.framework in Embed Frameworks */ = {isa = PBXBuildFile; fileRef = D001ADEB200D31E4006E8C36 /* Boar_ReactiveNetworking.framework */; settings = {ATTRIBUTES = (CodeSignOnCopy, RemoveHeadersOnCopy, ); }; };
		D001AE0D200D3338006E8C36 /* LICENSE in Resources */ = {isa = PBXBuildFile; fileRef = D001AE09200D3338006E8C36 /* LICENSE */; };
		D001AE0E200D3338006E8C36 /* Cartfile in Resources */ = {isa = PBXBuildFile; fileRef = D001AE0A200D3338006E8C36 /* Cartfile */; };
		D001AE0F200D3338006E8C36 /* Cartfile.resolved in Resources */ = {isa = PBXBuildFile; fileRef = D001AE0B200D3338006E8C36 /* Cartfile.resolved */; };
		D001AE10200D3338006E8C36 /* README.md in Resources */ = {isa = PBXBuildFile; fileRef = D001AE0C200D3338006E8C36 /* README.md */; };
		D001AE12200D3381006E8C36 /* Alamofire+Futures.swift in Sources */ = {isa = PBXBuildFile; fileRef = D001AE11200D3381006E8C36 /* Alamofire+Futures.swift */; };
		D001AE14200D3933006E8C36 /* BrightFutures.framework in Frameworks */ = {isa = PBXBuildFile; fileRef = D001ADD6200D2D92006E8C36 /* BrightFutures.framework */; };
		D001AE16200D3ACB006E8C36 /* Alamofire+FuturesTests.swift in Sources */ = {isa = PBXBuildFile; fileRef = D001AE15200D3ACB006E8C36 /* Alamofire+FuturesTests.swift */; };
		D001AE18200D3B88006E8C36 /* Alamofire+Auth.swift in Sources */ = {isa = PBXBuildFile; fileRef = D001AE17200D3B88006E8C36 /* Alamofire+Auth.swift */; };
		D001AE19200D4014006E8C36 /* Alamofire.framework in Frameworks */ = {isa = PBXBuildFile; fileRef = D001ADD7200D2D92006E8C36 /* Alamofire.framework */; };
		D001AE1A200D4044006E8C36 /* AlamofireImage.framework in Frameworks */ = {isa = PBXBuildFile; fileRef = D001ADD5200D2D92006E8C36 /* AlamofireImage.framework */; };
		D001AE1B200D4044006E8C36 /* AlamofireNetworkActivityIndicator.framework in Frameworks */ = {isa = PBXBuildFile; fileRef = D001ADD9200D2D92006E8C36 /* AlamofireNetworkActivityIndicator.framework */; };
		D001AE1C200D4044006E8C36 /* AlamofireObjectMapper.framework in Frameworks */ = {isa = PBXBuildFile; fileRef = D001ADD8200D2D92006E8C36 /* AlamofireObjectMapper.framework */; };
		D001AE1D200D4044006E8C36 /* Bond.framework in Frameworks */ = {isa = PBXBuildFile; fileRef = D001ADD4200D2D92006E8C36 /* Bond.framework */; };
		D001AE1E200D4044006E8C36 /* BrightFutures.framework in Frameworks */ = {isa = PBXBuildFile; fileRef = D001ADD6200D2D92006E8C36 /* BrightFutures.framework */; };
		D001AE1F200D4044006E8C36 /* Differ.framework in Frameworks */ = {isa = PBXBuildFile; fileRef = D001ADD3200D2D92006E8C36 /* Differ.framework */; };
		D001AE20200D4044006E8C36 /* ObjectMapper.framework in Frameworks */ = {isa = PBXBuildFile; fileRef = D001ADD2200D2D92006E8C36 /* ObjectMapper.framework */; };
		D001AE21200D4044006E8C36 /* ReactiveKit.framework in Frameworks */ = {isa = PBXBuildFile; fileRef = D001ADD0200D2D92006E8C36 /* ReactiveKit.framework */; };
		D001AE22200D4044006E8C36 /* Result.framework in Frameworks */ = {isa = PBXBuildFile; fileRef = D001ADD1200D2D92006E8C36 /* Result.framework */; };
		D001AE25200D41FF006E8C36 /* Future+XCTest.swift in Sources */ = {isa = PBXBuildFile; fileRef = D001AE24200D41FF006E8C36 /* Future+XCTest.swift */; };
		D00E60222012868500771202 /* ImmutableMapper+defaults.swift in Sources */ = {isa = PBXBuildFile; fileRef = D00E60212012868500771202 /* ImmutableMapper+defaults.swift */; };
		D00E603120128ABB00771202 /* Boar_ReactiveCoreData.framework in Frameworks */ = {isa = PBXBuildFile; fileRef = D00E602820128ABB00771202 /* Boar_ReactiveCoreData.framework */; };
		D00E603820128ABC00771202 /* Boar_ReactiveCoreDataTests.swift in Sources */ = {isa = PBXBuildFile; fileRef = D00E603720128ABC00771202 /* Boar_ReactiveCoreDataTests.swift */; };
		D00E603A20128ABC00771202 /* Boar_ReactiveCoreData.h in Headers */ = {isa = PBXBuildFile; fileRef = D00E602A20128ABB00771202 /* Boar_ReactiveCoreData.h */; settings = {ATTRIBUTES = (Public, ); }; };
		D00E603D20128ABC00771202 /* Boar_ReactiveCoreData.framework in Frameworks */ = {isa = PBXBuildFile; fileRef = D00E602820128ABB00771202 /* Boar_ReactiveCoreData.framework */; };
		D00E603E20128ABC00771202 /* Boar_ReactiveCoreData.framework in Embed Frameworks */ = {isa = PBXBuildFile; fileRef = D00E602820128ABB00771202 /* Boar_ReactiveCoreData.framework */; settings = {ATTRIBUTES = (CodeSignOnCopy, RemoveHeadersOnCopy, ); }; };
		D00E604620128BBE00771202 /* Context.swift in Sources */ = {isa = PBXBuildFile; fileRef = D00E604520128BBE00771202 /* Context.swift */; };
		D00E60492012947800771202 /* tests.xcdatamodeld in Sources */ = {isa = PBXBuildFile; fileRef = D00E60472012947800771202 /* tests.xcdatamodeld */; };
		D00E605820129CE600771202 /* TestEntity.swift in Sources */ = {isa = PBXBuildFile; fileRef = D00E605720129CE600771202 /* TestEntity.swift */; };
		D00E605B2012A0EC00771202 /* BrightFutures.framework in Frameworks */ = {isa = PBXBuildFile; fileRef = D001ADD6200D2D92006E8C36 /* BrightFutures.framework */; };
		D00E606A2012A40800771202 /* Boar_Reactive.framework in Frameworks */ = {isa = PBXBuildFile; fileRef = D00E60612012A40800771202 /* Boar_Reactive.framework */; };
		D00E60712012A40800771202 /* Boar_ReactiveTests.swift in Sources */ = {isa = PBXBuildFile; fileRef = D00E60702012A40800771202 /* Boar_ReactiveTests.swift */; };
		D00E60732012A40800771202 /* Boar_Reactive.h in Headers */ = {isa = PBXBuildFile; fileRef = D00E60632012A40800771202 /* Boar_Reactive.h */; settings = {ATTRIBUTES = (Public, ); }; };
		D00E60762012A40800771202 /* Boar_Reactive.framework in Frameworks */ = {isa = PBXBuildFile; fileRef = D00E60612012A40800771202 /* Boar_Reactive.framework */; };
		D00E60772012A40800771202 /* Boar_Reactive.framework in Embed Frameworks */ = {isa = PBXBuildFile; fileRef = D00E60612012A40800771202 /* Boar_Reactive.framework */; settings = {ATTRIBUTES = (CodeSignOnCopy, RemoveHeadersOnCopy, ); }; };
		D00E607F2012A42600771202 /* Reactive.swift in Sources */ = {isa = PBXBuildFile; fileRef = D00E607E2012A42600771202 /* Reactive.swift */; };
		D00E60802012A4EC00771202 /* Boar_Reactive.framework in Frameworks */ = {isa = PBXBuildFile; fileRef = D00E60612012A40800771202 /* Boar_Reactive.framework */; };
		D00E60832012A75200771202 /* BrightFutures.framework in Frameworks */ = {isa = PBXBuildFile; fileRef = D001ADD6200D2D92006E8C36 /* BrightFutures.framework */; };
		D00E60842012A75200771202 /* ReactiveKit.framework in Frameworks */ = {isa = PBXBuildFile; fileRef = D001ADD0200D2D92006E8C36 /* ReactiveKit.framework */; };
		D00E60862012A76E00771202 /* Result.framework in Frameworks */ = {isa = PBXBuildFile; fileRef = D001ADD1200D2D92006E8C36 /* Result.framework */; };
		D00E60882012B83000771202 /* FetchedResult.swift in Sources */ = {isa = PBXBuildFile; fileRef = D00E60872012B83000771202 /* FetchedResult.swift */; };
		D00E60892012B96A00771202 /* Future+XCTest.swift in Sources */ = {isa = PBXBuildFile; fileRef = D001AE24200D41FF006E8C36 /* Future+XCTest.swift */; };
		D00E608A2012B96C00771202 /* Future+XCTest.swift in Sources */ = {isa = PBXBuildFile; fileRef = D001AE24200D41FF006E8C36 /* Future+XCTest.swift */; };
		D00E608B2012BA4A00771202 /* Bond.framework in Frameworks */ = {isa = PBXBuildFile; fileRef = D001ADD4200D2D92006E8C36 /* Bond.framework */; };
		D00E608C2012BB1500771202 /* Bond.framework in Frameworks */ = {isa = PBXBuildFile; fileRef = D001ADD4200D2D92006E8C36 /* Bond.framework */; };
		D00E608D2012BB1500771202 /* BrightFutures.framework in Frameworks */ = {isa = PBXBuildFile; fileRef = D001ADD6200D2D92006E8C36 /* BrightFutures.framework */; };
		D00E608E2012BB3500771202 /* Result.framework in Frameworks */ = {isa = PBXBuildFile; fileRef = D001ADD1200D2D92006E8C36 /* Result.framework */; };
		D00E608F2012BB6F00771202 /* BrightFutures.framework in Frameworks */ = {isa = PBXBuildFile; fileRef = D001ADD6200D2D92006E8C36 /* BrightFutures.framework */; };
		D00E60902012BB6F00771202 /* ReactiveKit.framework in Frameworks */ = {isa = PBXBuildFile; fileRef = D001ADD0200D2D92006E8C36 /* ReactiveKit.framework */; };
		D00E60912012BB6F00771202 /* Result.framework in Frameworks */ = {isa = PBXBuildFile; fileRef = D001ADD1200D2D92006E8C36 /* Result.framework */; };
		D00E60932012CC5400771202 /* Context+Operations.swift in Sources */ = {isa = PBXBuildFile; fileRef = D00E60922012CC5400771202 /* Context+Operations.swift */; };
/* End PBXBuildFile section */

/* Begin PBXContainerItemProxy section */
		D001ADC1200CF1C1006E8C36 /* PBXContainerItemProxy */ = {
			isa = PBXContainerItemProxy;
			containerPortal = D001ADA4200CF1C1006E8C36 /* Project object */;
			proxyType = 1;
			remoteGlobalIDString = D001ADAB200CF1C1006E8C36;
			remoteInfo = Boar;
		};
		D001ADF5200D31E4006E8C36 /* PBXContainerItemProxy */ = {
			isa = PBXContainerItemProxy;
			containerPortal = D001ADA4200CF1C1006E8C36 /* Project object */;
			proxyType = 1;
			remoteGlobalIDString = D001ADEA200D31E4006E8C36;
			remoteInfo = "Boar-ReactiveNetworking";
		};
		D001ADF7200D31E4006E8C36 /* PBXContainerItemProxy */ = {
			isa = PBXContainerItemProxy;
			containerPortal = D001ADA4200CF1C1006E8C36 /* Project object */;
			proxyType = 1;
			remoteGlobalIDString = D001ADAB200CF1C1006E8C36;
			remoteInfo = Boar;
		};
		D001ADFE200D31E4006E8C36 /* PBXContainerItemProxy */ = {
			isa = PBXContainerItemProxy;
			containerPortal = D001ADA4200CF1C1006E8C36 /* Project object */;
			proxyType = 1;
			remoteGlobalIDString = D001ADEA200D31E4006E8C36;
			remoteInfo = "Boar-ReactiveNetworking";
		};
		D00E603220128ABB00771202 /* PBXContainerItemProxy */ = {
			isa = PBXContainerItemProxy;
			containerPortal = D001ADA4200CF1C1006E8C36 /* Project object */;
			proxyType = 1;
			remoteGlobalIDString = D00E602720128ABB00771202;
			remoteInfo = "Boar-ReactiveCoreData";
		};
		D00E603420128ABB00771202 /* PBXContainerItemProxy */ = {
			isa = PBXContainerItemProxy;
			containerPortal = D001ADA4200CF1C1006E8C36 /* Project object */;
			proxyType = 1;
			remoteGlobalIDString = D001ADAB200CF1C1006E8C36;
			remoteInfo = Boar;
		};
		D00E603B20128ABC00771202 /* PBXContainerItemProxy */ = {
			isa = PBXContainerItemProxy;
			containerPortal = D001ADA4200CF1C1006E8C36 /* Project object */;
			proxyType = 1;
			remoteGlobalIDString = D00E602720128ABB00771202;
			remoteInfo = "Boar-ReactiveCoreData";
		};
		D00E606B2012A40800771202 /* PBXContainerItemProxy */ = {
			isa = PBXContainerItemProxy;
			containerPortal = D001ADA4200CF1C1006E8C36 /* Project object */;
			proxyType = 1;
			remoteGlobalIDString = D00E60602012A40800771202;
			remoteInfo = "Boar-Reactive";
		};
		D00E606D2012A40800771202 /* PBXContainerItemProxy */ = {
			isa = PBXContainerItemProxy;
			containerPortal = D001ADA4200CF1C1006E8C36 /* Project object */;
			proxyType = 1;
			remoteGlobalIDString = D001ADAB200CF1C1006E8C36;
			remoteInfo = Boar;
		};
		D00E60742012A40800771202 /* PBXContainerItemProxy */ = {
			isa = PBXContainerItemProxy;
			containerPortal = D001ADA4200CF1C1006E8C36 /* Project object */;
			proxyType = 1;
			remoteGlobalIDString = D00E60602012A40800771202;
			remoteInfo = "Boar-Reactive";
		};
/* End PBXContainerItemProxy section */

/* Begin PBXCopyFilesBuildPhase section */
		D001AE01200D31E4006E8C36 /* Embed Frameworks */ = {
			isa = PBXCopyFilesBuildPhase;
			buildActionMask = 2147483647;
			dstPath = "";
			dstSubfolderSpec = 10;
			files = (
				D00E603E20128ABC00771202 /* Boar_ReactiveCoreData.framework in Embed Frameworks */,
				D001AE02200D31E4006E8C36 /* Boar_ReactiveNetworking.framework in Embed Frameworks */,
				D00E60772012A40800771202 /* Boar_Reactive.framework in Embed Frameworks */,
			);
			name = "Embed Frameworks";
			runOnlyForDeploymentPostprocessing = 0;
		};
/* End PBXCopyFilesBuildPhase section */

/* Begin PBXFileReference section */
		D001ADAC200CF1C1006E8C36 /* Boar.app */ = {isa = PBXFileReference; explicitFileType = wrapper.application; includeInIndex = 0; path = Boar.app; sourceTree = BUILT_PRODUCTS_DIR; };
		D001ADAF200CF1C1006E8C36 /* AppDelegate.swift */ = {isa = PBXFileReference; lastKnownFileType = sourcecode.swift; path = AppDelegate.swift; sourceTree = "<group>"; };
		D001ADB1200CF1C1006E8C36 /* ViewController.swift */ = {isa = PBXFileReference; lastKnownFileType = sourcecode.swift; path = ViewController.swift; sourceTree = "<group>"; };
		D001ADB4200CF1C1006E8C36 /* Base */ = {isa = PBXFileReference; lastKnownFileType = file.storyboard; name = Base; path = Base.lproj/Main.storyboard; sourceTree = "<group>"; };
		D001ADB6200CF1C1006E8C36 /* Assets.xcassets */ = {isa = PBXFileReference; lastKnownFileType = folder.assetcatalog; path = Assets.xcassets; sourceTree = "<group>"; };
		D001ADB9200CF1C1006E8C36 /* Base */ = {isa = PBXFileReference; lastKnownFileType = file.storyboard; name = Base; path = Base.lproj/LaunchScreen.storyboard; sourceTree = "<group>"; };
		D001ADBB200CF1C1006E8C36 /* Info.plist */ = {isa = PBXFileReference; lastKnownFileType = text.plist.xml; path = Info.plist; sourceTree = "<group>"; };
		D001ADC0200CF1C1006E8C36 /* BoarTests.xctest */ = {isa = PBXFileReference; explicitFileType = wrapper.cfbundle; includeInIndex = 0; path = BoarTests.xctest; sourceTree = BUILT_PRODUCTS_DIR; };
		D001ADC4200CF1C1006E8C36 /* BoarTests.swift */ = {isa = PBXFileReference; lastKnownFileType = sourcecode.swift; path = BoarTests.swift; sourceTree = "<group>"; };
		D001ADC6200CF1C1006E8C36 /* Info.plist */ = {isa = PBXFileReference; lastKnownFileType = text.plist.xml; path = Info.plist; sourceTree = "<group>"; };
		D001ADD0200D2D92006E8C36 /* ReactiveKit.framework */ = {isa = PBXFileReference; lastKnownFileType = wrapper.framework; name = ReactiveKit.framework; path = Carthage/Build/iOS/ReactiveKit.framework; sourceTree = SOURCE_ROOT; };
		D001ADD1200D2D92006E8C36 /* Result.framework */ = {isa = PBXFileReference; lastKnownFileType = wrapper.framework; name = Result.framework; path = Carthage/Build/iOS/Result.framework; sourceTree = SOURCE_ROOT; };
		D001ADD2200D2D92006E8C36 /* ObjectMapper.framework */ = {isa = PBXFileReference; lastKnownFileType = wrapper.framework; name = ObjectMapper.framework; path = Carthage/Build/iOS/ObjectMapper.framework; sourceTree = SOURCE_ROOT; };
		D001ADD3200D2D92006E8C36 /* Differ.framework */ = {isa = PBXFileReference; lastKnownFileType = wrapper.framework; name = Differ.framework; path = Carthage/Build/iOS/Differ.framework; sourceTree = SOURCE_ROOT; };
		D001ADD4200D2D92006E8C36 /* Bond.framework */ = {isa = PBXFileReference; lastKnownFileType = wrapper.framework; name = Bond.framework; path = Carthage/Build/iOS/Bond.framework; sourceTree = SOURCE_ROOT; };
		D001ADD5200D2D92006E8C36 /* AlamofireImage.framework */ = {isa = PBXFileReference; lastKnownFileType = wrapper.framework; name = AlamofireImage.framework; path = Carthage/Build/iOS/AlamofireImage.framework; sourceTree = SOURCE_ROOT; };
		D001ADD6200D2D92006E8C36 /* BrightFutures.framework */ = {isa = PBXFileReference; lastKnownFileType = wrapper.framework; name = BrightFutures.framework; path = Carthage/Build/iOS/BrightFutures.framework; sourceTree = SOURCE_ROOT; };
		D001ADD7200D2D92006E8C36 /* Alamofire.framework */ = {isa = PBXFileReference; lastKnownFileType = wrapper.framework; name = Alamofire.framework; path = Carthage/Build/iOS/Alamofire.framework; sourceTree = SOURCE_ROOT; };
		D001ADD8200D2D92006E8C36 /* AlamofireObjectMapper.framework */ = {isa = PBXFileReference; lastKnownFileType = wrapper.framework; name = AlamofireObjectMapper.framework; path = Carthage/Build/iOS/AlamofireObjectMapper.framework; sourceTree = SOURCE_ROOT; };
		D001ADD9200D2D92006E8C36 /* AlamofireNetworkActivityIndicator.framework */ = {isa = PBXFileReference; lastKnownFileType = wrapper.framework; name = AlamofireNetworkActivityIndicator.framework; path = Carthage/Build/iOS/AlamofireNetworkActivityIndicator.framework; sourceTree = SOURCE_ROOT; };
		D001ADEB200D31E4006E8C36 /* Boar_ReactiveNetworking.framework */ = {isa = PBXFileReference; explicitFileType = wrapper.framework; includeInIndex = 0; path = Boar_ReactiveNetworking.framework; sourceTree = BUILT_PRODUCTS_DIR; };
		D001ADED200D31E4006E8C36 /* Boar_ReactiveNetworking.h */ = {isa = PBXFileReference; lastKnownFileType = sourcecode.c.h; path = Boar_ReactiveNetworking.h; sourceTree = "<group>"; };
		D001ADEE200D31E4006E8C36 /* Info.plist */ = {isa = PBXFileReference; lastKnownFileType = text.plist.xml; path = Info.plist; sourceTree = "<group>"; };
		D001ADF3200D31E4006E8C36 /* Boar-ReactiveNetworkingTests.xctest */ = {isa = PBXFileReference; explicitFileType = wrapper.cfbundle; includeInIndex = 0; path = "Boar-ReactiveNetworkingTests.xctest"; sourceTree = BUILT_PRODUCTS_DIR; };
		D001ADFA200D31E4006E8C36 /* Boar_ReactiveNetworkingTests.swift */ = {isa = PBXFileReference; lastKnownFileType = sourcecode.swift; path = Boar_ReactiveNetworkingTests.swift; sourceTree = "<group>"; };
		D001ADFC200D31E4006E8C36 /* Info.plist */ = {isa = PBXFileReference; lastKnownFileType = text.plist.xml; path = Info.plist; sourceTree = "<group>"; };
		D001AE09200D3338006E8C36 /* LICENSE */ = {isa = PBXFileReference; fileEncoding = 4; lastKnownFileType = text; path = LICENSE; sourceTree = "<group>"; };
		D001AE0A200D3338006E8C36 /* Cartfile */ = {isa = PBXFileReference; fileEncoding = 4; lastKnownFileType = text; path = Cartfile; sourceTree = "<group>"; };
		D001AE0B200D3338006E8C36 /* Cartfile.resolved */ = {isa = PBXFileReference; fileEncoding = 4; lastKnownFileType = text; path = Cartfile.resolved; sourceTree = "<group>"; };
		D001AE0C200D3338006E8C36 /* README.md */ = {isa = PBXFileReference; fileEncoding = 4; lastKnownFileType = net.daringfireball.markdown; path = README.md; sourceTree = "<group>"; };
		D001AE11200D3381006E8C36 /* Alamofire+Futures.swift */ = {isa = PBXFileReference; lastKnownFileType = sourcecode.swift; path = "Alamofire+Futures.swift"; sourceTree = "<group>"; };
		D001AE15200D3ACB006E8C36 /* Alamofire+FuturesTests.swift */ = {isa = PBXFileReference; lastKnownFileType = sourcecode.swift; path = "Alamofire+FuturesTests.swift"; sourceTree = "<group>"; };
		D001AE17200D3B88006E8C36 /* Alamofire+Auth.swift */ = {isa = PBXFileReference; lastKnownFileType = sourcecode.swift; path = "Alamofire+Auth.swift"; sourceTree = "<group>"; };
		D001AE24200D41FF006E8C36 /* Future+XCTest.swift */ = {isa = PBXFileReference; lastKnownFileType = sourcecode.swift; path = "Future+XCTest.swift"; sourceTree = "<group>"; };
		D00E60212012868500771202 /* ImmutableMapper+defaults.swift */ = {isa = PBXFileReference; lastKnownFileType = sourcecode.swift; path = "ImmutableMapper+defaults.swift"; sourceTree = "<group>"; };
		D00E602820128ABB00771202 /* Boar_ReactiveCoreData.framework */ = {isa = PBXFileReference; explicitFileType = wrapper.framework; includeInIndex = 0; path = Boar_ReactiveCoreData.framework; sourceTree = BUILT_PRODUCTS_DIR; };
		D00E602A20128ABB00771202 /* Boar_ReactiveCoreData.h */ = {isa = PBXFileReference; lastKnownFileType = sourcecode.c.h; path = Boar_ReactiveCoreData.h; sourceTree = "<group>"; };
		D00E602B20128ABB00771202 /* Info.plist */ = {isa = PBXFileReference; lastKnownFileType = text.plist.xml; path = Info.plist; sourceTree = "<group>"; };
		D00E603020128ABB00771202 /* Boar-ReactiveCoreDataTests.xctest */ = {isa = PBXFileReference; explicitFileType = wrapper.cfbundle; includeInIndex = 0; path = "Boar-ReactiveCoreDataTests.xctest"; sourceTree = BUILT_PRODUCTS_DIR; };
		D00E603720128ABC00771202 /* Boar_ReactiveCoreDataTests.swift */ = {isa = PBXFileReference; lastKnownFileType = sourcecode.swift; path = Boar_ReactiveCoreDataTests.swift; sourceTree = "<group>"; };
		D00E603920128ABC00771202 /* Info.plist */ = {isa = PBXFileReference; lastKnownFileType = text.plist.xml; path = Info.plist; sourceTree = "<group>"; };
		D00E604520128BBE00771202 /* Context.swift */ = {isa = PBXFileReference; lastKnownFileType = sourcecode.swift; path = Context.swift; sourceTree = "<group>"; };
		D00E60482012947800771202 /* tests.xcdatamodel */ = {isa = PBXFileReference; lastKnownFileType = wrapper.xcdatamodel; path = tests.xcdatamodel; sourceTree = "<group>"; };
		D00E605720129CE600771202 /* TestEntity.swift */ = {isa = PBXFileReference; lastKnownFileType = sourcecode.swift; path = TestEntity.swift; sourceTree = "<group>"; };
		D00E60592012A0D800771202 /* iOS */ = {isa = PBXFileReference; lastKnownFileType = folder; name = iOS; path = Carthage/Build/iOS; sourceTree = SOURCE_ROOT; };
		D00E60612012A40800771202 /* Boar_Reactive.framework */ = {isa = PBXFileReference; explicitFileType = wrapper.framework; includeInIndex = 0; path = Boar_Reactive.framework; sourceTree = BUILT_PRODUCTS_DIR; };
		D00E60632012A40800771202 /* Boar_Reactive.h */ = {isa = PBXFileReference; lastKnownFileType = sourcecode.c.h; path = Boar_Reactive.h; sourceTree = "<group>"; };
		D00E60642012A40800771202 /* Info.plist */ = {isa = PBXFileReference; lastKnownFileType = text.plist.xml; path = Info.plist; sourceTree = "<group>"; };
		D00E60692012A40800771202 /* Boar-ReactiveTests.xctest */ = {isa = PBXFileReference; explicitFileType = wrapper.cfbundle; includeInIndex = 0; path = "Boar-ReactiveTests.xctest"; sourceTree = BUILT_PRODUCTS_DIR; };
		D00E60702012A40800771202 /* Boar_ReactiveTests.swift */ = {isa = PBXFileReference; lastKnownFileType = sourcecode.swift; path = Boar_ReactiveTests.swift; sourceTree = "<group>"; };
		D00E60722012A40800771202 /* Info.plist */ = {isa = PBXFileReference; lastKnownFileType = text.plist.xml; path = Info.plist; sourceTree = "<group>"; };
		D00E607E2012A42600771202 /* Reactive.swift */ = {isa = PBXFileReference; lastKnownFileType = sourcecode.swift; path = Reactive.swift; sourceTree = "<group>"; };
		D00E60872012B83000771202 /* FetchedResult.swift */ = {isa = PBXFileReference; lastKnownFileType = sourcecode.swift; path = FetchedResult.swift; sourceTree = "<group>"; };
		D00E60922012CC5400771202 /* Context+Operations.swift */ = {isa = PBXFileReference; lastKnownFileType = sourcecode.swift; path = "Context+Operations.swift"; sourceTree = "<group>"; };
/* End PBXFileReference section */

/* Begin PBXFrameworksBuildPhase section */
		D001ADA9200CF1C1006E8C36 /* Frameworks */ = {
			isa = PBXFrameworksBuildPhase;
			buildActionMask = 2147483647;
			files = (
				D00E603D20128ABC00771202 /* Boar_ReactiveCoreData.framework in Frameworks */,
				D001AE00200D31E4006E8C36 /* Boar_ReactiveNetworking.framework in Frameworks */,
				D001ADDA200D2D92006E8C36 /* ReactiveKit.framework in Frameworks */,
				D001ADDB200D2D92006E8C36 /* Result.framework in Frameworks */,
				D001ADDC200D2D92006E8C36 /* ObjectMapper.framework in Frameworks */,
				D00E60762012A40800771202 /* Boar_Reactive.framework in Frameworks */,
				D001ADDD200D2D92006E8C36 /* Differ.framework in Frameworks */,
				D001ADDE200D2D92006E8C36 /* Bond.framework in Frameworks */,
				D001ADDF200D2D92006E8C36 /* AlamofireImage.framework in Frameworks */,
				D001ADE0200D2D92006E8C36 /* BrightFutures.framework in Frameworks */,
				D001ADE1200D2D92006E8C36 /* Alamofire.framework in Frameworks */,
				D001ADE2200D2D92006E8C36 /* AlamofireObjectMapper.framework in Frameworks */,
				D001ADE3200D2D92006E8C36 /* AlamofireNetworkActivityIndicator.framework in Frameworks */,
			);
			runOnlyForDeploymentPostprocessing = 0;
		};
		D001ADBD200CF1C1006E8C36 /* Frameworks */ = {
			isa = PBXFrameworksBuildPhase;
			buildActionMask = 2147483647;
			files = (
			);
			runOnlyForDeploymentPostprocessing = 0;
		};
		D001ADE7200D31E4006E8C36 /* Frameworks */ = {
			isa = PBXFrameworksBuildPhase;
			buildActionMask = 2147483647;
			files = (
				D001AE14200D3933006E8C36 /* BrightFutures.framework in Frameworks */,
			);
			runOnlyForDeploymentPostprocessing = 0;
		};
		D001ADF0200D31E4006E8C36 /* Frameworks */ = {
			isa = PBXFrameworksBuildPhase;
			buildActionMask = 2147483647;
			files = (
				D001AE19200D4014006E8C36 /* Alamofire.framework in Frameworks */,
				D001AE1A200D4044006E8C36 /* AlamofireImage.framework in Frameworks */,
				D001AE1B200D4044006E8C36 /* AlamofireNetworkActivityIndicator.framework in Frameworks */,
				D001AE1C200D4044006E8C36 /* AlamofireObjectMapper.framework in Frameworks */,
				D001AE1D200D4044006E8C36 /* Bond.framework in Frameworks */,
				D001AE1E200D4044006E8C36 /* BrightFutures.framework in Frameworks */,
				D001AE1F200D4044006E8C36 /* Differ.framework in Frameworks */,
				D001AE20200D4044006E8C36 /* ObjectMapper.framework in Frameworks */,
				D001AE21200D4044006E8C36 /* ReactiveKit.framework in Frameworks */,
				D001AE22200D4044006E8C36 /* Result.framework in Frameworks */,
				D001ADF4200D31E4006E8C36 /* Boar_ReactiveNetworking.framework in Frameworks */,
			);
			runOnlyForDeploymentPostprocessing = 0;
		};
		D00E602420128ABB00771202 /* Frameworks */ = {
			isa = PBXFrameworksBuildPhase;
			buildActionMask = 2147483647;
			files = (
				D00E608B2012BA4A00771202 /* Bond.framework in Frameworks */,
				D00E60802012A4EC00771202 /* Boar_Reactive.framework in Frameworks */,
				D00E605B2012A0EC00771202 /* BrightFutures.framework in Frameworks */,
			);
			runOnlyForDeploymentPostprocessing = 0;
		};
		D00E602D20128ABB00771202 /* Frameworks */ = {
			isa = PBXFrameworksBuildPhase;
			buildActionMask = 2147483647;
			files = (
				D00E608E2012BB3500771202 /* Result.framework in Frameworks */,
				D00E608C2012BB1500771202 /* Bond.framework in Frameworks */,
				D00E608D2012BB1500771202 /* BrightFutures.framework in Frameworks */,
				D00E603120128ABB00771202 /* Boar_ReactiveCoreData.framework in Frameworks */,
			);
			runOnlyForDeploymentPostprocessing = 0;
		};
		D00E605D2012A40800771202 /* Frameworks */ = {
			isa = PBXFrameworksBuildPhase;
			buildActionMask = 2147483647;
			files = (
				D00E60862012A76E00771202 /* Result.framework in Frameworks */,
				D00E60832012A75200771202 /* BrightFutures.framework in Frameworks */,
				D00E60842012A75200771202 /* ReactiveKit.framework in Frameworks */,
			);
			runOnlyForDeploymentPostprocessing = 0;
		};
		D00E60662012A40800771202 /* Frameworks */ = {
			isa = PBXFrameworksBuildPhase;
			buildActionMask = 2147483647;
			files = (
				D00E608F2012BB6F00771202 /* BrightFutures.framework in Frameworks */,
				D00E60902012BB6F00771202 /* ReactiveKit.framework in Frameworks */,
				D00E60912012BB6F00771202 /* Result.framework in Frameworks */,
				D00E606A2012A40800771202 /* Boar_Reactive.framework in Frameworks */,
			);
			runOnlyForDeploymentPostprocessing = 0;
		};
/* End PBXFrameworksBuildPhase section */

/* Begin PBXGroup section */
		D001ADA3200CF1C1006E8C36 = {
			isa = PBXGroup;
			children = (
				D001AE0A200D3338006E8C36 /* Cartfile */,
				D001AE0B200D3338006E8C36 /* Cartfile.resolved */,
				D001AE09200D3338006E8C36 /* LICENSE */,
				D001AE0C200D3338006E8C36 /* README.md */,
				D001ADAE200CF1C1006E8C36 /* Boar */,
				D001ADC3200CF1C1006E8C36 /* BoarTests */,
				D00E60622012A40800771202 /* Boar-Reactive */,
				D00E606F2012A40800771202 /* Boar-ReactiveTests */,
				D001ADEC200D31E4006E8C36 /* Boar-ReactiveNetworking */,
				D001ADF9200D31E4006E8C36 /* Boar-ReactiveNetworkingTests */,
				D00E602920128ABB00771202 /* Boar-ReactiveCoreData */,
				D00E603620128ABB00771202 /* Boar-ReactiveCoreDataTests */,
				D001ADAD200CF1C1006E8C36 /* Products */,
				D001ADCF200D2D74006E8C36 /* Frameworks */,
			);
			sourceTree = "<group>";
		};
		D001ADAD200CF1C1006E8C36 /* Products */ = {
			isa = PBXGroup;
			children = (
				D001ADAC200CF1C1006E8C36 /* Boar.app */,
				D001ADC0200CF1C1006E8C36 /* BoarTests.xctest */,
				D001ADEB200D31E4006E8C36 /* Boar_ReactiveNetworking.framework */,
				D001ADF3200D31E4006E8C36 /* Boar-ReactiveNetworkingTests.xctest */,
				D00E602820128ABB00771202 /* Boar_ReactiveCoreData.framework */,
				D00E603020128ABB00771202 /* Boar-ReactiveCoreDataTests.xctest */,
				D00E60612012A40800771202 /* Boar_Reactive.framework */,
				D00E60692012A40800771202 /* Boar-ReactiveTests.xctest */,
			);
			name = Products;
			sourceTree = "<group>";
		};
		D001ADAE200CF1C1006E8C36 /* Boar */ = {
			isa = PBXGroup;
			children = (
				D001ADAF200CF1C1006E8C36 /* AppDelegate.swift */,
				D001ADB1200CF1C1006E8C36 /* ViewController.swift */,
				D001ADB3200CF1C1006E8C36 /* Main.storyboard */,
				D001ADB6200CF1C1006E8C36 /* Assets.xcassets */,
				D001ADB8200CF1C1006E8C36 /* LaunchScreen.storyboard */,
				D001ADBB200CF1C1006E8C36 /* Info.plist */,
			);
			path = Boar;
			sourceTree = "<group>";
		};
		D001ADC3200CF1C1006E8C36 /* BoarTests */ = {
			isa = PBXGroup;
			children = (
				D001ADC4200CF1C1006E8C36 /* BoarTests.swift */,
				D001ADC6200CF1C1006E8C36 /* Info.plist */,
			);
			path = BoarTests;
			sourceTree = "<group>";
		};
		D001ADCF200D2D74006E8C36 /* Frameworks */ = {
			isa = PBXGroup;
			children = (
				D00E60592012A0D800771202 /* iOS */,
				D001ADD7200D2D92006E8C36 /* Alamofire.framework */,
				D001ADD5200D2D92006E8C36 /* AlamofireImage.framework */,
				D001ADD9200D2D92006E8C36 /* AlamofireNetworkActivityIndicator.framework */,
				D001ADD8200D2D92006E8C36 /* AlamofireObjectMapper.framework */,
				D001ADD4200D2D92006E8C36 /* Bond.framework */,
				D001ADD6200D2D92006E8C36 /* BrightFutures.framework */,
				D001ADD3200D2D92006E8C36 /* Differ.framework */,
				D001ADD2200D2D92006E8C36 /* ObjectMapper.framework */,
				D001ADD0200D2D92006E8C36 /* ReactiveKit.framework */,
				D001ADD1200D2D92006E8C36 /* Result.framework */,
			);
			path = Frameworks;
			sourceTree = "<group>";
		};
		D001ADEC200D31E4006E8C36 /* Boar-ReactiveNetworking */ = {
			isa = PBXGroup;
			children = (
				D001ADED200D31E4006E8C36 /* Boar_ReactiveNetworking.h */,
				D001ADEE200D31E4006E8C36 /* Info.plist */,
				D001AE11200D3381006E8C36 /* Alamofire+Futures.swift */,
				D001AE17200D3B88006E8C36 /* Alamofire+Auth.swift */,
				D00E60212012868500771202 /* ImmutableMapper+defaults.swift */,
			);
			path = "Boar-ReactiveNetworking";
			sourceTree = "<group>";
		};
		D001ADF9200D31E4006E8C36 /* Boar-ReactiveNetworkingTests */ = {
			isa = PBXGroup;
			children = (
				D001AE23200D41DF006E8C36 /* Helpers */,
				D001ADFA200D31E4006E8C36 /* Boar_ReactiveNetworkingTests.swift */,
				D001ADFC200D31E4006E8C36 /* Info.plist */,
				D001AE15200D3ACB006E8C36 /* Alamofire+FuturesTests.swift */,
			);
			path = "Boar-ReactiveNetworkingTests";
			sourceTree = "<group>";
		};
		D001AE23200D41DF006E8C36 /* Helpers */ = {
			isa = PBXGroup;
			children = (
				D001AE24200D41FF006E8C36 /* Future+XCTest.swift */,
			);
			path = Helpers;
			sourceTree = "<group>";
		};
		D00E602920128ABB00771202 /* Boar-ReactiveCoreData */ = {
			isa = PBXGroup;
			children = (
				D00E602A20128ABB00771202 /* Boar_ReactiveCoreData.h */,
				D00E602B20128ABB00771202 /* Info.plist */,
				D00E604520128BBE00771202 /* Context.swift */,
				D00E60872012B83000771202 /* FetchedResult.swift */,
				D00E60922012CC5400771202 /* Context+Operations.swift */,
			);
			path = "Boar-ReactiveCoreData";
			sourceTree = "<group>";
		};
		D00E603620128ABB00771202 /* Boar-ReactiveCoreDataTests */ = {
			isa = PBXGroup;
			children = (
				D00E604A201299CB00771202 /* Entity */,
				D00E603720128ABC00771202 /* Boar_ReactiveCoreDataTests.swift */,
				D00E603920128ABC00771202 /* Info.plist */,
				D00E60472012947800771202 /* tests.xcdatamodeld */,
			);
			path = "Boar-ReactiveCoreDataTests";
			sourceTree = "<group>";
		};
		D00E604A201299CB00771202 /* Entity */ = {
			isa = PBXGroup;
			children = (
				D00E605720129CE600771202 /* TestEntity.swift */,
			);
			path = Entity;
			sourceTree = "<group>";
		};
		D00E60622012A40800771202 /* Boar-Reactive */ = {
			isa = PBXGroup;
			children = (
				D00E60632012A40800771202 /* Boar_Reactive.h */,
				D00E60642012A40800771202 /* Info.plist */,
				D00E607E2012A42600771202 /* Reactive.swift */,
			);
			path = "Boar-Reactive";
			sourceTree = "<group>";
		};
		D00E606F2012A40800771202 /* Boar-ReactiveTests */ = {
			isa = PBXGroup;
			children = (
				D00E60702012A40800771202 /* Boar_ReactiveTests.swift */,
				D00E60722012A40800771202 /* Info.plist */,
			);
			path = "Boar-ReactiveTests";
			sourceTree = "<group>";
		};
/* End PBXGroup section */

/* Begin PBXHeadersBuildPhase section */
		D001ADE8200D31E4006E8C36 /* Headers */ = {
			isa = PBXHeadersBuildPhase;
			buildActionMask = 2147483647;
			files = (
				D001ADFD200D31E4006E8C36 /* Boar_ReactiveNetworking.h in Headers */,
			);
			runOnlyForDeploymentPostprocessing = 0;
		};
		D00E602520128ABB00771202 /* Headers */ = {
			isa = PBXHeadersBuildPhase;
			buildActionMask = 2147483647;
			files = (
				D00E603A20128ABC00771202 /* Boar_ReactiveCoreData.h in Headers */,
			);
			runOnlyForDeploymentPostprocessing = 0;
		};
		D00E605E2012A40800771202 /* Headers */ = {
			isa = PBXHeadersBuildPhase;
			buildActionMask = 2147483647;
			files = (
				D00E60732012A40800771202 /* Boar_Reactive.h in Headers */,
			);
			runOnlyForDeploymentPostprocessing = 0;
		};
/* End PBXHeadersBuildPhase section */

/* Begin PBXNativeTarget section */
		D001ADAB200CF1C1006E8C36 /* Boar */ = {
			isa = PBXNativeTarget;
			buildConfigurationList = D001ADC9200CF1C1006E8C36 /* Build configuration list for PBXNativeTarget "Boar" */;
			buildPhases = (
				D001ADA8200CF1C1006E8C36 /* Sources */,
				D001ADA9200CF1C1006E8C36 /* Frameworks */,
				D001ADAA200CF1C1006E8C36 /* Resources */,
				D001ADE5200D3020006E8C36 /* ShellScript */,
				D001AE01200D31E4006E8C36 /* Embed Frameworks */,
			);
			buildRules = (
			);
			dependencies = (
				D001ADFF200D31E4006E8C36 /* PBXTargetDependency */,
				D00E603C20128ABC00771202 /* PBXTargetDependency */,
				D00E60752012A40800771202 /* PBXTargetDependency */,
			);
			name = Boar;
			productName = Boar;
			productReference = D001ADAC200CF1C1006E8C36 /* Boar.app */;
			productType = "com.apple.product-type.application";
		};
		D001ADBF200CF1C1006E8C36 /* BoarTests */ = {
			isa = PBXNativeTarget;
			buildConfigurationList = D001ADCC200CF1C1006E8C36 /* Build configuration list for PBXNativeTarget "BoarTests" */;
			buildPhases = (
				D001ADBC200CF1C1006E8C36 /* Sources */,
				D001ADBD200CF1C1006E8C36 /* Frameworks */,
				D001ADBE200CF1C1006E8C36 /* Resources */,
			);
			buildRules = (
			);
			dependencies = (
				D001ADC2200CF1C1006E8C36 /* PBXTargetDependency */,
			);
			name = BoarTests;
			productName = BoarTests;
			productReference = D001ADC0200CF1C1006E8C36 /* BoarTests.xctest */;
			productType = "com.apple.product-type.bundle.unit-test";
		};
		D001ADEA200D31E4006E8C36 /* Boar-ReactiveNetworking */ = {
			isa = PBXNativeTarget;
			buildConfigurationList = D001AE03200D31E4006E8C36 /* Build configuration list for PBXNativeTarget "Boar-ReactiveNetworking" */;
			buildPhases = (
				D001ADE6200D31E4006E8C36 /* Sources */,
				D001ADE7200D31E4006E8C36 /* Frameworks */,
				D001ADE8200D31E4006E8C36 /* Headers */,
				D001ADE9200D31E4006E8C36 /* Resources */,
			);
			buildRules = (
			);
			dependencies = (
			);
			name = "Boar-ReactiveNetworking";
			productName = "Boar-ReactiveNetworking";
			productReference = D001ADEB200D31E4006E8C36 /* Boar_ReactiveNetworking.framework */;
			productType = "com.apple.product-type.framework";
		};
		D001ADF2200D31E4006E8C36 /* Boar-ReactiveNetworkingTests */ = {
			isa = PBXNativeTarget;
			buildConfigurationList = D001AE06200D31E4006E8C36 /* Build configuration list for PBXNativeTarget "Boar-ReactiveNetworkingTests" */;
			buildPhases = (
				D001ADEF200D31E4006E8C36 /* Sources */,
				D001ADF0200D31E4006E8C36 /* Frameworks */,
				D001ADF1200D31E4006E8C36 /* Resources */,
			);
			buildRules = (
			);
			dependencies = (
				D001ADF6200D31E4006E8C36 /* PBXTargetDependency */,
				D001ADF8200D31E4006E8C36 /* PBXTargetDependency */,
			);
			name = "Boar-ReactiveNetworkingTests";
			productName = "Boar-ReactiveNetworkingTests";
			productReference = D001ADF3200D31E4006E8C36 /* Boar-ReactiveNetworkingTests.xctest */;
			productType = "com.apple.product-type.bundle.unit-test";
		};
		D00E602720128ABB00771202 /* Boar-ReactiveCoreData */ = {
			isa = PBXNativeTarget;
			buildConfigurationList = D00E603F20128ABC00771202 /* Build configuration list for PBXNativeTarget "Boar-ReactiveCoreData" */;
			buildPhases = (
				D00E602320128ABB00771202 /* Sources */,
				D00E602420128ABB00771202 /* Frameworks */,
				D00E602520128ABB00771202 /* Headers */,
				D00E602620128ABB00771202 /* Resources */,
			);
			buildRules = (
			);
			dependencies = (
			);
			name = "Boar-ReactiveCoreData";
			productName = "Boar-ReactiveCoreData";
			productReference = D00E602820128ABB00771202 /* Boar_ReactiveCoreData.framework */;
			productType = "com.apple.product-type.framework";
		};
		D00E602F20128ABB00771202 /* Boar-ReactiveCoreDataTests */ = {
			isa = PBXNativeTarget;
			buildConfigurationList = D00E604220128ABC00771202 /* Build configuration list for PBXNativeTarget "Boar-ReactiveCoreDataTests" */;
			buildPhases = (
				D00E602C20128ABB00771202 /* Sources */,
				D00E602D20128ABB00771202 /* Frameworks */,
				D00E602E20128ABB00771202 /* Resources */,
			);
			buildRules = (
			);
			dependencies = (
				D00E603320128ABB00771202 /* PBXTargetDependency */,
				D00E603520128ABB00771202 /* PBXTargetDependency */,
			);
			name = "Boar-ReactiveCoreDataTests";
			productName = "Boar-ReactiveCoreDataTests";
			productReference = D00E603020128ABB00771202 /* Boar-ReactiveCoreDataTests.xctest */;
			productType = "com.apple.product-type.bundle.unit-test";
		};
		D00E60602012A40800771202 /* Boar-Reactive */ = {
			isa = PBXNativeTarget;
			buildConfigurationList = D00E60782012A40800771202 /* Build configuration list for PBXNativeTarget "Boar-Reactive" */;
			buildPhases = (
				D00E605C2012A40800771202 /* Sources */,
				D00E605D2012A40800771202 /* Frameworks */,
				D00E605E2012A40800771202 /* Headers */,
				D00E605F2012A40800771202 /* Resources */,
			);
			buildRules = (
			);
			dependencies = (
			);
			name = "Boar-Reactive";
			productName = "Boar-Reactive";
			productReference = D00E60612012A40800771202 /* Boar_Reactive.framework */;
			productType = "com.apple.product-type.framework";
		};
		D00E60682012A40800771202 /* Boar-ReactiveTests */ = {
			isa = PBXNativeTarget;
			buildConfigurationList = D00E607B2012A40800771202 /* Build configuration list for PBXNativeTarget "Boar-ReactiveTests" */;
			buildPhases = (
				D00E60652012A40800771202 /* Sources */,
				D00E60662012A40800771202 /* Frameworks */,
				D00E60672012A40800771202 /* Resources */,
			);
			buildRules = (
			);
			dependencies = (
				D00E606C2012A40800771202 /* PBXTargetDependency */,
				D00E606E2012A40800771202 /* PBXTargetDependency */,
			);
			name = "Boar-ReactiveTests";
			productName = "Boar-ReactiveTests";
			productReference = D00E60692012A40800771202 /* Boar-ReactiveTests.xctest */;
			productType = "com.apple.product-type.bundle.unit-test";
		};
/* End PBXNativeTarget section */

/* Begin PBXProject section */
		D001ADA4200CF1C1006E8C36 /* Project object */ = {
			isa = PBXProject;
			attributes = {
				LastSwiftUpdateCheck = 0920;
				LastUpgradeCheck = 0920;
				ORGANIZATIONNAME = "Peter Ovchinnikov";
				TargetAttributes = {
					D001ADAB200CF1C1006E8C36 = {
						CreatedOnToolsVersion = 9.2;
						ProvisioningStyle = Automatic;
					};
					D001ADBF200CF1C1006E8C36 = {
						CreatedOnToolsVersion = 9.2;
						ProvisioningStyle = Automatic;
						TestTargetID = D001ADAB200CF1C1006E8C36;
					};
					D001ADEA200D31E4006E8C36 = {
						CreatedOnToolsVersion = 9.2;
						LastSwiftMigration = 0920;
						ProvisioningStyle = Automatic;
					};
					D001ADF2200D31E4006E8C36 = {
						CreatedOnToolsVersion = 9.2;
						ProvisioningStyle = Automatic;
						TestTargetID = D001ADAB200CF1C1006E8C36;
					};
					D00E602720128ABB00771202 = {
						CreatedOnToolsVersion = 9.2;
						LastSwiftMigration = 0920;
						ProvisioningStyle = Automatic;
					};
					D00E602F20128ABB00771202 = {
						CreatedOnToolsVersion = 9.2;
						ProvisioningStyle = Automatic;
						TestTargetID = D001ADAB200CF1C1006E8C36;
					};
					D00E60602012A40800771202 = {
						CreatedOnToolsVersion = 9.2;
						LastSwiftMigration = 0920;
						ProvisioningStyle = Automatic;
					};
					D00E60682012A40800771202 = {
						CreatedOnToolsVersion = 9.2;
						ProvisioningStyle = Automatic;
						TestTargetID = D001ADAB200CF1C1006E8C36;
					};
				};
			};
			buildConfigurationList = D001ADA7200CF1C1006E8C36 /* Build configuration list for PBXProject "Boar" */;
			compatibilityVersion = "Xcode 8.0";
			developmentRegion = en;
			hasScannedForEncodings = 0;
			knownRegions = (
				en,
				Base,
			);
			mainGroup = D001ADA3200CF1C1006E8C36;
			productRefGroup = D001ADAD200CF1C1006E8C36 /* Products */;
			projectDirPath = "";
			projectRoot = "";
			targets = (
				D001ADAB200CF1C1006E8C36 /* Boar */,
				D001ADBF200CF1C1006E8C36 /* BoarTests */,
				D001ADEA200D31E4006E8C36 /* Boar-ReactiveNetworking */,
				D001ADF2200D31E4006E8C36 /* Boar-ReactiveNetworkingTests */,
				D00E602720128ABB00771202 /* Boar-ReactiveCoreData */,
				D00E602F20128ABB00771202 /* Boar-ReactiveCoreDataTests */,
				D00E60602012A40800771202 /* Boar-Reactive */,
				D00E60682012A40800771202 /* Boar-ReactiveTests */,
			);
		};
/* End PBXProject section */

/* Begin PBXResourcesBuildPhase section */
		D001ADAA200CF1C1006E8C36 /* Resources */ = {
			isa = PBXResourcesBuildPhase;
			buildActionMask = 2147483647;
			files = (
				D001AE0E200D3338006E8C36 /* Cartfile in Resources */,
				D001AE0F200D3338006E8C36 /* Cartfile.resolved in Resources */,
				D001ADBA200CF1C1006E8C36 /* LaunchScreen.storyboard in Resources */,
				D001AE10200D3338006E8C36 /* README.md in Resources */,
				D001ADB7200CF1C1006E8C36 /* Assets.xcassets in Resources */,
				D001AE0D200D3338006E8C36 /* LICENSE in Resources */,
				D001ADB5200CF1C1006E8C36 /* Main.storyboard in Resources */,
			);
			runOnlyForDeploymentPostprocessing = 0;
		};
		D001ADBE200CF1C1006E8C36 /* Resources */ = {
			isa = PBXResourcesBuildPhase;
			buildActionMask = 2147483647;
			files = (
			);
			runOnlyForDeploymentPostprocessing = 0;
		};
		D001ADE9200D31E4006E8C36 /* Resources */ = {
			isa = PBXResourcesBuildPhase;
			buildActionMask = 2147483647;
			files = (
			);
			runOnlyForDeploymentPostprocessing = 0;
		};
		D001ADF1200D31E4006E8C36 /* Resources */ = {
			isa = PBXResourcesBuildPhase;
			buildActionMask = 2147483647;
			files = (
			);
			runOnlyForDeploymentPostprocessing = 0;
		};
		D00E602620128ABB00771202 /* Resources */ = {
			isa = PBXResourcesBuildPhase;
			buildActionMask = 2147483647;
			files = (
			);
			runOnlyForDeploymentPostprocessing = 0;
		};
		D00E602E20128ABB00771202 /* Resources */ = {
			isa = PBXResourcesBuildPhase;
			buildActionMask = 2147483647;
			files = (
			);
			runOnlyForDeploymentPostprocessing = 0;
		};
		D00E605F2012A40800771202 /* Resources */ = {
			isa = PBXResourcesBuildPhase;
			buildActionMask = 2147483647;
			files = (
			);
			runOnlyForDeploymentPostprocessing = 0;
		};
		D00E60672012A40800771202 /* Resources */ = {
			isa = PBXResourcesBuildPhase;
			buildActionMask = 2147483647;
			files = (
			);
			runOnlyForDeploymentPostprocessing = 0;
		};
/* End PBXResourcesBuildPhase section */

/* Begin PBXShellScriptBuildPhase section */
		D001ADE5200D3020006E8C36 /* ShellScript */ = {
			isa = PBXShellScriptBuildPhase;
			buildActionMask = 2147483647;
			files = (
			);
			inputPaths = (
				"$(SRCROOT)/Carthage/Build/iOS/ReactiveKit.framework",
				"$(SRCROOT)/Carthage/Build/iOS/Result.framework",
				"$(SRCROOT)/Carthage/Build/iOS/ObjectMapper.framework",
				"$(SRCROOT)/Carthage/Build/iOS/Differ.framework",
				"$(SRCROOT)/Carthage/Build/iOS/Bond.framework",
				"$(SRCROOT)/Carthage/Build/iOS/AlamofireImage.framework",
				"$(SRCROOT)/Carthage/Build/iOS/BrightFutures.framework",
				"$(SRCROOT)/Carthage/Build/iOS/Alamofire.framework",
				"$(SRCROOT)/Carthage/Build/iOS/AlamofireObjectMapper.framework",
				"$(SRCROOT)/Carthage/Build/iOS/AlamofireNetworkActivityIndicator.framework",
			);
			outputPaths = (
			);
			runOnlyForDeploymentPostprocessing = 0;
			shellPath = /bin/sh;
			shellScript = "/usr/local/bin/carthage copy-frameworks";
		};
/* End PBXShellScriptBuildPhase section */

/* Begin PBXSourcesBuildPhase section */
		D001ADA8200CF1C1006E8C36 /* Sources */ = {
			isa = PBXSourcesBuildPhase;
			buildActionMask = 2147483647;
			files = (
				D001ADB2200CF1C1006E8C36 /* ViewController.swift in Sources */,
				D001ADB0200CF1C1006E8C36 /* AppDelegate.swift in Sources */,
			);
			runOnlyForDeploymentPostprocessing = 0;
		};
		D001ADBC200CF1C1006E8C36 /* Sources */ = {
			isa = PBXSourcesBuildPhase;
			buildActionMask = 2147483647;
			files = (
				D001ADC5200CF1C1006E8C36 /* BoarTests.swift in Sources */,
			);
			runOnlyForDeploymentPostprocessing = 0;
		};
		D001ADE6200D31E4006E8C36 /* Sources */ = {
			isa = PBXSourcesBuildPhase;
			buildActionMask = 2147483647;
			files = (
				D001AE18200D3B88006E8C36 /* Alamofire+Auth.swift in Sources */,
				D001AE12200D3381006E8C36 /* Alamofire+Futures.swift in Sources */,
				D00E60222012868500771202 /* ImmutableMapper+defaults.swift in Sources */,
			);
			runOnlyForDeploymentPostprocessing = 0;
		};
		D001ADEF200D31E4006E8C36 /* Sources */ = {
			isa = PBXSourcesBuildPhase;
			buildActionMask = 2147483647;
			files = (
				D001AE25200D41FF006E8C36 /* Future+XCTest.swift in Sources */,
				D001ADFB200D31E4006E8C36 /* Boar_ReactiveNetworkingTests.swift in Sources */,
				D001AE16200D3ACB006E8C36 /* Alamofire+FuturesTests.swift in Sources */,
			);
			runOnlyForDeploymentPostprocessing = 0;
		};
		D00E602320128ABB00771202 /* Sources */ = {
			isa = PBXSourcesBuildPhase;
			buildActionMask = 2147483647;
			files = (
				D00E604620128BBE00771202 /* Context.swift in Sources */,
				D00E60932012CC5400771202 /* Context+Operations.swift in Sources */,
				D00E60882012B83000771202 /* FetchedResult.swift in Sources */,
			);
			runOnlyForDeploymentPostprocessing = 0;
		};
		D00E602C20128ABB00771202 /* Sources */ = {
			isa = PBXSourcesBuildPhase;
			buildActionMask = 2147483647;
			files = (
				D00E603820128ABC00771202 /* Boar_ReactiveCoreDataTests.swift in Sources */,
				D00E60492012947800771202 /* tests.xcdatamodeld in Sources */,
				D00E605820129CE600771202 /* TestEntity.swift in Sources */,
				D00E608A2012B96C00771202 /* Future+XCTest.swift in Sources */,
			);
			runOnlyForDeploymentPostprocessing = 0;
		};
		D00E605C2012A40800771202 /* Sources */ = {
			isa = PBXSourcesBuildPhase;
			buildActionMask = 2147483647;
			files = (
				D00E607F2012A42600771202 /* Reactive.swift in Sources */,
			);
			runOnlyForDeploymentPostprocessing = 0;
		};
		D00E60652012A40800771202 /* Sources */ = {
			isa = PBXSourcesBuildPhase;
			buildActionMask = 2147483647;
			files = (
				D00E60712012A40800771202 /* Boar_ReactiveTests.swift in Sources */,
				D00E60892012B96A00771202 /* Future+XCTest.swift in Sources */,
			);
			runOnlyForDeploymentPostprocessing = 0;
		};
/* End PBXSourcesBuildPhase section */

/* Begin PBXTargetDependency section */
		D001ADC2200CF1C1006E8C36 /* PBXTargetDependency */ = {
			isa = PBXTargetDependency;
			target = D001ADAB200CF1C1006E8C36 /* Boar */;
			targetProxy = D001ADC1200CF1C1006E8C36 /* PBXContainerItemProxy */;
		};
		D001ADF6200D31E4006E8C36 /* PBXTargetDependency */ = {
			isa = PBXTargetDependency;
			target = D001ADEA200D31E4006E8C36 /* Boar-ReactiveNetworking */;
			targetProxy = D001ADF5200D31E4006E8C36 /* PBXContainerItemProxy */;
		};
		D001ADF8200D31E4006E8C36 /* PBXTargetDependency */ = {
			isa = PBXTargetDependency;
			target = D001ADAB200CF1C1006E8C36 /* Boar */;
			targetProxy = D001ADF7200D31E4006E8C36 /* PBXContainerItemProxy */;
		};
		D001ADFF200D31E4006E8C36 /* PBXTargetDependency */ = {
			isa = PBXTargetDependency;
			target = D001ADEA200D31E4006E8C36 /* Boar-ReactiveNetworking */;
			targetProxy = D001ADFE200D31E4006E8C36 /* PBXContainerItemProxy */;
		};
		D00E603320128ABB00771202 /* PBXTargetDependency */ = {
			isa = PBXTargetDependency;
			target = D00E602720128ABB00771202 /* Boar-ReactiveCoreData */;
			targetProxy = D00E603220128ABB00771202 /* PBXContainerItemProxy */;
		};
		D00E603520128ABB00771202 /* PBXTargetDependency */ = {
			isa = PBXTargetDependency;
			target = D001ADAB200CF1C1006E8C36 /* Boar */;
			targetProxy = D00E603420128ABB00771202 /* PBXContainerItemProxy */;
		};
		D00E603C20128ABC00771202 /* PBXTargetDependency */ = {
			isa = PBXTargetDependency;
			target = D00E602720128ABB00771202 /* Boar-ReactiveCoreData */;
			targetProxy = D00E603B20128ABC00771202 /* PBXContainerItemProxy */;
		};
		D00E606C2012A40800771202 /* PBXTargetDependency */ = {
			isa = PBXTargetDependency;
			target = D00E60602012A40800771202 /* Boar-Reactive */;
			targetProxy = D00E606B2012A40800771202 /* PBXContainerItemProxy */;
		};
		D00E606E2012A40800771202 /* PBXTargetDependency */ = {
			isa = PBXTargetDependency;
			target = D001ADAB200CF1C1006E8C36 /* Boar */;
			targetProxy = D00E606D2012A40800771202 /* PBXContainerItemProxy */;
		};
		D00E60752012A40800771202 /* PBXTargetDependency */ = {
			isa = PBXTargetDependency;
			target = D00E60602012A40800771202 /* Boar-Reactive */;
			targetProxy = D00E60742012A40800771202 /* PBXContainerItemProxy */;
		};
/* End PBXTargetDependency section */

/* Begin PBXVariantGroup section */
		D001ADB3200CF1C1006E8C36 /* Main.storyboard */ = {
			isa = PBXVariantGroup;
			children = (
				D001ADB4200CF1C1006E8C36 /* Base */,
			);
			name = Main.storyboard;
			sourceTree = "<group>";
		};
		D001ADB8200CF1C1006E8C36 /* LaunchScreen.storyboard */ = {
			isa = PBXVariantGroup;
			children = (
				D001ADB9200CF1C1006E8C36 /* Base */,
			);
			name = LaunchScreen.storyboard;
			sourceTree = "<group>";
		};
/* End PBXVariantGroup section */

/* Begin XCBuildConfiguration section */
		D001ADC7200CF1C1006E8C36 /* Debug */ = {
			isa = XCBuildConfiguration;
			buildSettings = {
				ALWAYS_SEARCH_USER_PATHS = NO;
				CLANG_ANALYZER_NONNULL = YES;
				CLANG_ANALYZER_NUMBER_OBJECT_CONVERSION = YES_AGGRESSIVE;
				CLANG_CXX_LANGUAGE_STANDARD = "gnu++14";
				CLANG_CXX_LIBRARY = "libc++";
				CLANG_ENABLE_MODULES = YES;
				CLANG_ENABLE_OBJC_ARC = YES;
				CLANG_WARN_BLOCK_CAPTURE_AUTORELEASING = YES;
				CLANG_WARN_BOOL_CONVERSION = YES;
				CLANG_WARN_COMMA = YES;
				CLANG_WARN_CONSTANT_CONVERSION = YES;
				CLANG_WARN_DIRECT_OBJC_ISA_USAGE = YES_ERROR;
				CLANG_WARN_DOCUMENTATION_COMMENTS = YES;
				CLANG_WARN_EMPTY_BODY = YES;
				CLANG_WARN_ENUM_CONVERSION = YES;
				CLANG_WARN_INFINITE_RECURSION = YES;
				CLANG_WARN_INT_CONVERSION = YES;
				CLANG_WARN_NON_LITERAL_NULL_CONVERSION = YES;
				CLANG_WARN_OBJC_LITERAL_CONVERSION = YES;
				CLANG_WARN_OBJC_ROOT_CLASS = YES_ERROR;
				CLANG_WARN_RANGE_LOOP_ANALYSIS = YES;
				CLANG_WARN_STRICT_PROTOTYPES = YES;
				CLANG_WARN_SUSPICIOUS_MOVE = YES;
				CLANG_WARN_UNGUARDED_AVAILABILITY = YES_AGGRESSIVE;
				CLANG_WARN_UNREACHABLE_CODE = YES;
				CLANG_WARN__DUPLICATE_METHOD_MATCH = YES;
				CODE_SIGN_IDENTITY = "iPhone Developer";
				COPY_PHASE_STRIP = NO;
				DEBUG_INFORMATION_FORMAT = dwarf;
				ENABLE_STRICT_OBJC_MSGSEND = YES;
				ENABLE_TESTABILITY = YES;
				GCC_C_LANGUAGE_STANDARD = gnu11;
				GCC_DYNAMIC_NO_PIC = NO;
				GCC_NO_COMMON_BLOCKS = YES;
				GCC_OPTIMIZATION_LEVEL = 0;
				GCC_PREPROCESSOR_DEFINITIONS = (
					"DEBUG=1",
					"$(inherited)",
				);
				GCC_WARN_64_TO_32_BIT_CONVERSION = YES;
				GCC_WARN_ABOUT_RETURN_TYPE = YES_ERROR;
				GCC_WARN_UNDECLARED_SELECTOR = YES;
				GCC_WARN_UNINITIALIZED_AUTOS = YES_AGGRESSIVE;
				GCC_WARN_UNUSED_FUNCTION = YES;
				GCC_WARN_UNUSED_VARIABLE = YES;
				IPHONEOS_DEPLOYMENT_TARGET = 11.2;
				MTL_ENABLE_DEBUG_INFO = YES;
				ONLY_ACTIVE_ARCH = YES;
				SDKROOT = iphoneos;
				SWIFT_ACTIVE_COMPILATION_CONDITIONS = DEBUG;
				SWIFT_OPTIMIZATION_LEVEL = "-Onone";
			};
			name = Debug;
		};
		D001ADC8200CF1C1006E8C36 /* Release */ = {
			isa = XCBuildConfiguration;
			buildSettings = {
				ALWAYS_SEARCH_USER_PATHS = NO;
				CLANG_ANALYZER_NONNULL = YES;
				CLANG_ANALYZER_NUMBER_OBJECT_CONVERSION = YES_AGGRESSIVE;
				CLANG_CXX_LANGUAGE_STANDARD = "gnu++14";
				CLANG_CXX_LIBRARY = "libc++";
				CLANG_ENABLE_MODULES = YES;
				CLANG_ENABLE_OBJC_ARC = YES;
				CLANG_WARN_BLOCK_CAPTURE_AUTORELEASING = YES;
				CLANG_WARN_BOOL_CONVERSION = YES;
				CLANG_WARN_COMMA = YES;
				CLANG_WARN_CONSTANT_CONVERSION = YES;
				CLANG_WARN_DIRECT_OBJC_ISA_USAGE = YES_ERROR;
				CLANG_WARN_DOCUMENTATION_COMMENTS = YES;
				CLANG_WARN_EMPTY_BODY = YES;
				CLANG_WARN_ENUM_CONVERSION = YES;
				CLANG_WARN_INFINITE_RECURSION = YES;
				CLANG_WARN_INT_CONVERSION = YES;
				CLANG_WARN_NON_LITERAL_NULL_CONVERSION = YES;
				CLANG_WARN_OBJC_LITERAL_CONVERSION = YES;
				CLANG_WARN_OBJC_ROOT_CLASS = YES_ERROR;
				CLANG_WARN_RANGE_LOOP_ANALYSIS = YES;
				CLANG_WARN_STRICT_PROTOTYPES = YES;
				CLANG_WARN_SUSPICIOUS_MOVE = YES;
				CLANG_WARN_UNGUARDED_AVAILABILITY = YES_AGGRESSIVE;
				CLANG_WARN_UNREACHABLE_CODE = YES;
				CLANG_WARN__DUPLICATE_METHOD_MATCH = YES;
				CODE_SIGN_IDENTITY = "iPhone Developer";
				COPY_PHASE_STRIP = NO;
				DEBUG_INFORMATION_FORMAT = "dwarf-with-dsym";
				ENABLE_NS_ASSERTIONS = NO;
				ENABLE_STRICT_OBJC_MSGSEND = YES;
				GCC_C_LANGUAGE_STANDARD = gnu11;
				GCC_NO_COMMON_BLOCKS = YES;
				GCC_WARN_64_TO_32_BIT_CONVERSION = YES;
				GCC_WARN_ABOUT_RETURN_TYPE = YES_ERROR;
				GCC_WARN_UNDECLARED_SELECTOR = YES;
				GCC_WARN_UNINITIALIZED_AUTOS = YES_AGGRESSIVE;
				GCC_WARN_UNUSED_FUNCTION = YES;
				GCC_WARN_UNUSED_VARIABLE = YES;
				IPHONEOS_DEPLOYMENT_TARGET = 11.2;
				MTL_ENABLE_DEBUG_INFO = NO;
				SDKROOT = iphoneos;
				SWIFT_OPTIMIZATION_LEVEL = "-Owholemodule";
				VALIDATE_PRODUCT = YES;
			};
			name = Release;
		};
		D001ADCA200CF1C1006E8C36 /* Debug */ = {
			isa = XCBuildConfiguration;
			buildSettings = {
				ALWAYS_EMBED_SWIFT_STANDARD_LIBRARIES = YES;
				ASSETCATALOG_COMPILER_APPICON_NAME = AppIcon;
				CODE_SIGN_STYLE = Automatic;
				DEVELOPMENT_TEAM = 9G6VBZ6H92;
				FRAMEWORK_SEARCH_PATHS = (
					"$(inherited)",
					"$(PROJECT_DIR)/Carthage/Build/iOS",
				);
				INFOPLIST_FILE = Boar/Info.plist;
				IPHONEOS_DEPLOYMENT_TARGET = 10.0;
				LD_RUNPATH_SEARCH_PATHS = "$(inherited) @executable_path/Frameworks";
				PRODUCT_BUNDLE_IDENTIFIER = killev.Boar;
				PRODUCT_NAME = "$(TARGET_NAME)";
				SWIFT_VERSION = 4.0;
				TARGETED_DEVICE_FAMILY = "1,2";
			};
			name = Debug;
		};
		D001ADCB200CF1C1006E8C36 /* Release */ = {
			isa = XCBuildConfiguration;
			buildSettings = {
				ALWAYS_EMBED_SWIFT_STANDARD_LIBRARIES = YES;
				ASSETCATALOG_COMPILER_APPICON_NAME = AppIcon;
				CODE_SIGN_STYLE = Automatic;
				DEVELOPMENT_TEAM = 9G6VBZ6H92;
				FRAMEWORK_SEARCH_PATHS = (
					"$(inherited)",
					"$(PROJECT_DIR)/Carthage/Build/iOS",
				);
				INFOPLIST_FILE = Boar/Info.plist;
				IPHONEOS_DEPLOYMENT_TARGET = 10.0;
				LD_RUNPATH_SEARCH_PATHS = "$(inherited) @executable_path/Frameworks";
				PRODUCT_BUNDLE_IDENTIFIER = killev.Boar;
				PRODUCT_NAME = "$(TARGET_NAME)";
				SWIFT_VERSION = 4.0;
				TARGETED_DEVICE_FAMILY = "1,2";
			};
			name = Release;
		};
		D001ADCD200CF1C1006E8C36 /* Debug */ = {
			isa = XCBuildConfiguration;
			buildSettings = {
				ALWAYS_EMBED_SWIFT_STANDARD_LIBRARIES = YES;
				BUNDLE_LOADER = "$(TEST_HOST)";
				CODE_SIGN_STYLE = Automatic;
				DEVELOPMENT_TEAM = 9G6VBZ6H92;
				INFOPLIST_FILE = BoarTests/Info.plist;
				LD_RUNPATH_SEARCH_PATHS = "$(inherited) @executable_path/Frameworks @loader_path/Frameworks";
				PRODUCT_BUNDLE_IDENTIFIER = killev.BoarTests;
				PRODUCT_NAME = "$(TARGET_NAME)";
				SWIFT_VERSION = 4.0;
				TARGETED_DEVICE_FAMILY = "1,2";
				TEST_HOST = "$(BUILT_PRODUCTS_DIR)/Boar.app/Boar";
			};
			name = Debug;
		};
		D001ADCE200CF1C1006E8C36 /* Release */ = {
			isa = XCBuildConfiguration;
			buildSettings = {
				ALWAYS_EMBED_SWIFT_STANDARD_LIBRARIES = YES;
				BUNDLE_LOADER = "$(TEST_HOST)";
				CODE_SIGN_STYLE = Automatic;
				DEVELOPMENT_TEAM = 9G6VBZ6H92;
				INFOPLIST_FILE = BoarTests/Info.plist;
				LD_RUNPATH_SEARCH_PATHS = "$(inherited) @executable_path/Frameworks @loader_path/Frameworks";
				PRODUCT_BUNDLE_IDENTIFIER = killev.BoarTests;
				PRODUCT_NAME = "$(TARGET_NAME)";
				SWIFT_VERSION = 4.0;
				TARGETED_DEVICE_FAMILY = "1,2";
				TEST_HOST = "$(BUILT_PRODUCTS_DIR)/Boar.app/Boar";
			};
			name = Release;
		};
		D001AE04200D31E4006E8C36 /* Debug */ = {
			isa = XCBuildConfiguration;
			buildSettings = {
				CLANG_ENABLE_MODULES = YES;
				CODE_SIGN_IDENTITY = "";
				CODE_SIGN_STYLE = Automatic;
				CURRENT_PROJECT_VERSION = 1;
				DEFINES_MODULE = YES;
				DEVELOPMENT_TEAM = 9G6VBZ6H92;
				DYLIB_COMPATIBILITY_VERSION = 1;
				DYLIB_CURRENT_VERSION = 1;
				DYLIB_INSTALL_NAME_BASE = "@rpath";
				FRAMEWORK_SEARCH_PATHS = (
					"$(inherited)",
					"$(PROJECT_DIR)/Carthage/Build/iOS",
				);
				INFOPLIST_FILE = "Boar-ReactiveNetworking/Info.plist";
				INSTALL_PATH = "$(LOCAL_LIBRARY_DIR)/Frameworks";
				IPHONEOS_DEPLOYMENT_TARGET = 10.0;
				LD_RUNPATH_SEARCH_PATHS = "$(inherited) @executable_path/Frameworks @loader_path/Frameworks";
				PRODUCT_BUNDLE_IDENTIFIER = "killev.Boar-ReactiveNetworking";
				PRODUCT_NAME = "$(TARGET_NAME:c99extidentifier)";
				SKIP_INSTALL = YES;
				SWIFT_OPTIMIZATION_LEVEL = "-Onone";
				SWIFT_VERSION = 4.0;
				TARGETED_DEVICE_FAMILY = "1,2";
				VERSIONING_SYSTEM = "apple-generic";
				VERSION_INFO_PREFIX = "";
			};
			name = Debug;
		};
		D001AE05200D31E4006E8C36 /* Release */ = {
			isa = XCBuildConfiguration;
			buildSettings = {
				CLANG_ENABLE_MODULES = YES;
				CODE_SIGN_IDENTITY = "";
				CODE_SIGN_STYLE = Automatic;
				CURRENT_PROJECT_VERSION = 1;
				DEFINES_MODULE = YES;
				DEVELOPMENT_TEAM = 9G6VBZ6H92;
				DYLIB_COMPATIBILITY_VERSION = 1;
				DYLIB_CURRENT_VERSION = 1;
				DYLIB_INSTALL_NAME_BASE = "@rpath";
				FRAMEWORK_SEARCH_PATHS = (
					"$(inherited)",
					"$(PROJECT_DIR)/Carthage/Build/iOS",
				);
				INFOPLIST_FILE = "Boar-ReactiveNetworking/Info.plist";
				INSTALL_PATH = "$(LOCAL_LIBRARY_DIR)/Frameworks";
				IPHONEOS_DEPLOYMENT_TARGET = 10.0;
				LD_RUNPATH_SEARCH_PATHS = "$(inherited) @executable_path/Frameworks @loader_path/Frameworks";
				PRODUCT_BUNDLE_IDENTIFIER = "killev.Boar-ReactiveNetworking";
				PRODUCT_NAME = "$(TARGET_NAME:c99extidentifier)";
				SKIP_INSTALL = YES;
				SWIFT_VERSION = 4.0;
				TARGETED_DEVICE_FAMILY = "1,2";
				VERSIONING_SYSTEM = "apple-generic";
				VERSION_INFO_PREFIX = "";
			};
			name = Release;
		};
		D001AE07200D31E4006E8C36 /* Debug */ = {
			isa = XCBuildConfiguration;
			buildSettings = {
				ALWAYS_EMBED_SWIFT_STANDARD_LIBRARIES = YES;
				CODE_SIGN_STYLE = Automatic;
				DEVELOPMENT_TEAM = 9G6VBZ6H92;
				FRAMEWORK_SEARCH_PATHS = (
					"$(inherited)",
					"$(PROJECT_DIR)/Carthage/Build/iOS",
				);
				INFOPLIST_FILE = "Boar-ReactiveNetworkingTests/Info.plist";
				LD_RUNPATH_SEARCH_PATHS = "$(inherited) @executable_path/Frameworks @loader_path/Frameworks";
				PRODUCT_BUNDLE_IDENTIFIER = "killev.Boar-ReactiveNetworkingTests";
				PRODUCT_NAME = "$(TARGET_NAME)";
				SWIFT_VERSION = 4.0;
				TARGETED_DEVICE_FAMILY = "1,2";
				TEST_HOST = "$(BUILT_PRODUCTS_DIR)/Boar.app/Boar";
			};
			name = Debug;
		};
		D001AE08200D31E4006E8C36 /* Release */ = {
			isa = XCBuildConfiguration;
			buildSettings = {
				ALWAYS_EMBED_SWIFT_STANDARD_LIBRARIES = YES;
				CODE_SIGN_STYLE = Automatic;
				DEVELOPMENT_TEAM = 9G6VBZ6H92;
				FRAMEWORK_SEARCH_PATHS = (
					"$(inherited)",
					"$(PROJECT_DIR)/Carthage/Build/iOS",
				);
				INFOPLIST_FILE = "Boar-ReactiveNetworkingTests/Info.plist";
				LD_RUNPATH_SEARCH_PATHS = "$(inherited) @executable_path/Frameworks @loader_path/Frameworks";
				PRODUCT_BUNDLE_IDENTIFIER = "killev.Boar-ReactiveNetworkingTests";
				PRODUCT_NAME = "$(TARGET_NAME)";
				SWIFT_VERSION = 4.0;
				TARGETED_DEVICE_FAMILY = "1,2";
				TEST_HOST = "$(BUILT_PRODUCTS_DIR)/Boar.app/Boar";
			};
			name = Release;
		};
		D00E604020128ABC00771202 /* Debug */ = {
			isa = XCBuildConfiguration;
			buildSettings = {
				CLANG_ENABLE_MODULES = YES;
				CODE_SIGN_IDENTITY = "";
				CODE_SIGN_STYLE = Automatic;
				CURRENT_PROJECT_VERSION = 1;
				DEFINES_MODULE = YES;
				DEVELOPMENT_TEAM = 9G6VBZ6H92;
				DYLIB_COMPATIBILITY_VERSION = 1;
				DYLIB_CURRENT_VERSION = 1;
				DYLIB_INSTALL_NAME_BASE = "@rpath";
				FRAMEWORK_SEARCH_PATHS = (
					"$(inherited)",
					"$(PROJECT_DIR)/Carthage/Build/iOS",
				);
				INFOPLIST_FILE = "Boar-ReactiveCoreData/Info.plist";
				INSTALL_PATH = "$(LOCAL_LIBRARY_DIR)/Frameworks";
				IPHONEOS_DEPLOYMENT_TARGET = 10.0;
				LD_RUNPATH_SEARCH_PATHS = "$(inherited) @executable_path/Frameworks @loader_path/Frameworks";
				PRODUCT_BUNDLE_IDENTIFIER = "killev.Boar-ReactiveCoreData";
				PRODUCT_NAME = "$(TARGET_NAME:c99extidentifier)";
				SKIP_INSTALL = YES;
				SWIFT_OPTIMIZATION_LEVEL = "-Onone";
				SWIFT_VERSION = 4.0;
				TARGETED_DEVICE_FAMILY = "1,2";
				VERSIONING_SYSTEM = "apple-generic";
				VERSION_INFO_PREFIX = "";
			};
			name = Debug;
		};
		D00E604120128ABC00771202 /* Release */ = {
			isa = XCBuildConfiguration;
			buildSettings = {
				CLANG_ENABLE_MODULES = YES;
				CODE_SIGN_IDENTITY = "";
				CODE_SIGN_STYLE = Automatic;
				CURRENT_PROJECT_VERSION = 1;
				DEFINES_MODULE = YES;
				DEVELOPMENT_TEAM = 9G6VBZ6H92;
				DYLIB_COMPATIBILITY_VERSION = 1;
				DYLIB_CURRENT_VERSION = 1;
				DYLIB_INSTALL_NAME_BASE = "@rpath";
				FRAMEWORK_SEARCH_PATHS = (
					"$(inherited)",
					"$(PROJECT_DIR)/Carthage/Build/iOS",
				);
				INFOPLIST_FILE = "Boar-ReactiveCoreData/Info.plist";
				INSTALL_PATH = "$(LOCAL_LIBRARY_DIR)/Frameworks";
				IPHONEOS_DEPLOYMENT_TARGET = 10.0;
				LD_RUNPATH_SEARCH_PATHS = "$(inherited) @executable_path/Frameworks @loader_path/Frameworks";
				PRODUCT_BUNDLE_IDENTIFIER = "killev.Boar-ReactiveCoreData";
				PRODUCT_NAME = "$(TARGET_NAME:c99extidentifier)";
				SKIP_INSTALL = YES;
				SWIFT_VERSION = 4.0;
				TARGETED_DEVICE_FAMILY = "1,2";
				VERSIONING_SYSTEM = "apple-generic";
				VERSION_INFO_PREFIX = "";
			};
			name = Release;
		};
		D00E604320128ABC00771202 /* Debug */ = {
			isa = XCBuildConfiguration;
			buildSettings = {
				ALWAYS_EMBED_SWIFT_STANDARD_LIBRARIES = YES;
				CODE_SIGN_STYLE = Automatic;
				DEVELOPMENT_TEAM = 9G6VBZ6H92;
				FRAMEWORK_SEARCH_PATHS = (
					"$(inherited)",
					"$(PROJECT_DIR)/Carthage/Build/iOS",
				);
				INFOPLIST_FILE = "Boar-ReactiveCoreDataTests/Info.plist";
				LD_RUNPATH_SEARCH_PATHS = "$(inherited) @executable_path/Frameworks @loader_path/Frameworks";
				PRODUCT_BUNDLE_IDENTIFIER = "killev.Boar-ReactiveCoreDataTests";
				PRODUCT_NAME = "$(TARGET_NAME)";
				SWIFT_VERSION = 4.0;
				TARGETED_DEVICE_FAMILY = "1,2";
				TEST_HOST = "$(BUILT_PRODUCTS_DIR)/Boar.app/Boar";
			};
			name = Debug;
		};
		D00E604420128ABC00771202 /* Release */ = {
			isa = XCBuildConfiguration;
			buildSettings = {
				ALWAYS_EMBED_SWIFT_STANDARD_LIBRARIES = YES;
				CODE_SIGN_STYLE = Automatic;
				DEVELOPMENT_TEAM = 9G6VBZ6H92;
				FRAMEWORK_SEARCH_PATHS = (
					"$(inherited)",
					"$(PROJECT_DIR)/Carthage/Build/iOS",
				);
				INFOPLIST_FILE = "Boar-ReactiveCoreDataTests/Info.plist";
				LD_RUNPATH_SEARCH_PATHS = "$(inherited) @executable_path/Frameworks @loader_path/Frameworks";
				PRODUCT_BUNDLE_IDENTIFIER = "killev.Boar-ReactiveCoreDataTests";
				PRODUCT_NAME = "$(TARGET_NAME)";
				SWIFT_VERSION = 4.0;
				TARGETED_DEVICE_FAMILY = "1,2";
				TEST_HOST = "$(BUILT_PRODUCTS_DIR)/Boar.app/Boar";
			};
			name = Release;
		};
		D00E60792012A40800771202 /* Debug */ = {
			isa = XCBuildConfiguration;
			buildSettings = {
				APPLICATION_EXTENSION_API_ONLY = NO;
				CLANG_ENABLE_MODULES = YES;
				CODE_SIGN_IDENTITY = "";
				CODE_SIGN_STYLE = Automatic;
				CURRENT_PROJECT_VERSION = 1;
				DEFINES_MODULE = YES;
				DEVELOPMENT_TEAM = 9G6VBZ6H92;
				DYLIB_COMPATIBILITY_VERSION = 1;
				DYLIB_CURRENT_VERSION = 1;
				DYLIB_INSTALL_NAME_BASE = "@rpath";
				FRAMEWORK_SEARCH_PATHS = (
					"$(inherited)",
					"$(PROJECT_DIR)/Carthage/Build/iOS",
				);
				INFOPLIST_FILE = "Boar-Reactive/Info.plist";
				INSTALL_PATH = "$(LOCAL_LIBRARY_DIR)/Frameworks";
				IPHONEOS_DEPLOYMENT_TARGET = 10.0;
				LD_RUNPATH_SEARCH_PATHS = "$(inherited) @executable_path/Frameworks @loader_path/Frameworks";
				PRODUCT_BUNDLE_IDENTIFIER = "killev.Boar-Reactive";
				PRODUCT_NAME = "$(TARGET_NAME:c99extidentifier)";
				SKIP_INSTALL = YES;
				SWIFT_OPTIMIZATION_LEVEL = "-Onone";
				SWIFT_VERSION = 4.0;
				TARGETED_DEVICE_FAMILY = "1,2";
				VERSIONING_SYSTEM = "apple-generic";
				VERSION_INFO_PREFIX = "";
			};
			name = Debug;
		};
		D00E607A2012A40800771202 /* Release */ = {
			isa = XCBuildConfiguration;
			buildSettings = {
				APPLICATION_EXTENSION_API_ONLY = NO;
				CLANG_ENABLE_MODULES = YES;
				CODE_SIGN_IDENTITY = "";
				CODE_SIGN_STYLE = Automatic;
				CURRENT_PROJECT_VERSION = 1;
				DEFINES_MODULE = YES;
				DEVELOPMENT_TEAM = 9G6VBZ6H92;
				DYLIB_COMPATIBILITY_VERSION = 1;
				DYLIB_CURRENT_VERSION = 1;
				DYLIB_INSTALL_NAME_BASE = "@rpath";
				FRAMEWORK_SEARCH_PATHS = (
					"$(inherited)",
					"$(PROJECT_DIR)/Carthage/Build/iOS",
				);
				INFOPLIST_FILE = "Boar-Reactive/Info.plist";
				INSTALL_PATH = "$(LOCAL_LIBRARY_DIR)/Frameworks";
				IPHONEOS_DEPLOYMENT_TARGET = 10.0;
				LD_RUNPATH_SEARCH_PATHS = "$(inherited) @executable_path/Frameworks @loader_path/Frameworks";
				PRODUCT_BUNDLE_IDENTIFIER = "killev.Boar-Reactive";
				PRODUCT_NAME = "$(TARGET_NAME:c99extidentifier)";
				SKIP_INSTALL = YES;
				SWIFT_VERSION = 4.0;
				TARGETED_DEVICE_FAMILY = "1,2";
				VERSIONING_SYSTEM = "apple-generic";
				VERSION_INFO_PREFIX = "";
			};
			name = Release;
		};
		D00E607C2012A40800771202 /* Debug */ = {
			isa = XCBuildConfiguration;
			buildSettings = {
				ALWAYS_EMBED_SWIFT_STANDARD_LIBRARIES = YES;
				CODE_SIGN_STYLE = Automatic;
				DEVELOPMENT_TEAM = 9G6VBZ6H92;
				FRAMEWORK_SEARCH_PATHS = (
					"$(inherited)",
					"$(PROJECT_DIR)/Carthage/Build/iOS",
				);
				INFOPLIST_FILE = "Boar-ReactiveTests/Info.plist";
				LD_RUNPATH_SEARCH_PATHS = "$(inherited) @executable_path/Frameworks @loader_path/Frameworks";
				PRODUCT_BUNDLE_IDENTIFIER = "killev.Boar-ReactiveTests";
				PRODUCT_NAME = "$(TARGET_NAME)";
				SWIFT_VERSION = 4.0;
				TARGETED_DEVICE_FAMILY = "1,2";
				TEST_HOST = "$(BUILT_PRODUCTS_DIR)/Boar.app/Boar";
			};
			name = Debug;
		};
		D00E607D2012A40800771202 /* Release */ = {
			isa = XCBuildConfiguration;
			buildSettings = {
				ALWAYS_EMBED_SWIFT_STANDARD_LIBRARIES = YES;
				CODE_SIGN_STYLE = Automatic;
				DEVELOPMENT_TEAM = 9G6VBZ6H92;
				FRAMEWORK_SEARCH_PATHS = (
					"$(inherited)",
					"$(PROJECT_DIR)/Carthage/Build/iOS",
				);
				INFOPLIST_FILE = "Boar-ReactiveTests/Info.plist";
				LD_RUNPATH_SEARCH_PATHS = "$(inherited) @executable_path/Frameworks @loader_path/Frameworks";
				PRODUCT_BUNDLE_IDENTIFIER = "killev.Boar-ReactiveTests";
				PRODUCT_NAME = "$(TARGET_NAME)";
				SWIFT_VERSION = 4.0;
				TARGETED_DEVICE_FAMILY = "1,2";
				TEST_HOST = "$(BUILT_PRODUCTS_DIR)/Boar.app/Boar";
			};
			name = Release;
		};
/* End XCBuildConfiguration section */

/* Begin XCConfigurationList section */
		D001ADA7200CF1C1006E8C36 /* Build configuration list for PBXProject "Boar" */ = {
			isa = XCConfigurationList;
			buildConfigurations = (
				D001ADC7200CF1C1006E8C36 /* Debug */,
				D001ADC8200CF1C1006E8C36 /* Release */,
			);
			defaultConfigurationIsVisible = 0;
			defaultConfigurationName = Release;
		};
		D001ADC9200CF1C1006E8C36 /* Build configuration list for PBXNativeTarget "Boar" */ = {
			isa = XCConfigurationList;
			buildConfigurations = (
				D001ADCA200CF1C1006E8C36 /* Debug */,
				D001ADCB200CF1C1006E8C36 /* Release */,
			);
			defaultConfigurationIsVisible = 0;
			defaultConfigurationName = Release;
		};
		D001ADCC200CF1C1006E8C36 /* Build configuration list for PBXNativeTarget "BoarTests" */ = {
			isa = XCConfigurationList;
			buildConfigurations = (
				D001ADCD200CF1C1006E8C36 /* Debug */,
				D001ADCE200CF1C1006E8C36 /* Release */,
			);
			defaultConfigurationIsVisible = 0;
			defaultConfigurationName = Release;
		};
		D001AE03200D31E4006E8C36 /* Build configuration list for PBXNativeTarget "Boar-ReactiveNetworking" */ = {
			isa = XCConfigurationList;
			buildConfigurations = (
				D001AE04200D31E4006E8C36 /* Debug */,
				D001AE05200D31E4006E8C36 /* Release */,
			);
			defaultConfigurationIsVisible = 0;
			defaultConfigurationName = Release;
		};
		D001AE06200D31E4006E8C36 /* Build configuration list for PBXNativeTarget "Boar-ReactiveNetworkingTests" */ = {
			isa = XCConfigurationList;
			buildConfigurations = (
				D001AE07200D31E4006E8C36 /* Debug */,
				D001AE08200D31E4006E8C36 /* Release */,
			);
			defaultConfigurationIsVisible = 0;
			defaultConfigurationName = Release;
		};
		D00E603F20128ABC00771202 /* Build configuration list for PBXNativeTarget "Boar-ReactiveCoreData" */ = {
			isa = XCConfigurationList;
			buildConfigurations = (
				D00E604020128ABC00771202 /* Debug */,
				D00E604120128ABC00771202 /* Release */,
			);
			defaultConfigurationIsVisible = 0;
			defaultConfigurationName = Release;
		};
		D00E604220128ABC00771202 /* Build configuration list for PBXNativeTarget "Boar-ReactiveCoreDataTests" */ = {
			isa = XCConfigurationList;
			buildConfigurations = (
				D00E604320128ABC00771202 /* Debug */,
				D00E604420128ABC00771202 /* Release */,
			);
			defaultConfigurationIsVisible = 0;
			defaultConfigurationName = Release;
		};
		D00E60782012A40800771202 /* Build configuration list for PBXNativeTarget "Boar-Reactive" */ = {
			isa = XCConfigurationList;
			buildConfigurations = (
				D00E60792012A40800771202 /* Debug */,
				D00E607A2012A40800771202 /* Release */,
			);
			defaultConfigurationIsVisible = 0;
			defaultConfigurationName = Release;
		};
		D00E607B2012A40800771202 /* Build configuration list for PBXNativeTarget "Boar-ReactiveTests" */ = {
			isa = XCConfigurationList;
			buildConfigurations = (
				D00E607C2012A40800771202 /* Debug */,
				D00E607D2012A40800771202 /* Release */,
			);
			defaultConfigurationIsVisible = 0;
			defaultConfigurationName = Release;
		};
/* End XCConfigurationList section */

/* Begin XCVersionGroup section */
		D00E60472012947800771202 /* tests.xcdatamodeld */ = {
			isa = XCVersionGroup;
			children = (
				D00E60482012947800771202 /* tests.xcdatamodel */,
			);
			currentVersion = D00E60482012947800771202 /* tests.xcdatamodel */;
			path = tests.xcdatamodeld;
			sourceTree = "<group>";
			versionGroupType = wrapper.xcdatamodel;
		};
/* End XCVersionGroup section */
	};
	rootObject = D001ADA4200CF1C1006E8C36 /* Project object */;
}
